{
  "requires": true,
  "lockfileVersion": 1,
  "dependencies": {
    "jquery": {
      "version": "3.5.1",
      "resolved": "https://registry.npmjs.org/jquery/-/jquery-3.5.1.tgz",
      "integrity": "sha512-XwIBPqcMn57FxfT+Go5pzySnm4KWkT1Tv7gjrpT1srtf8Weynl6R273VJ5GjkRb51IzMp5nbaPjJXMWeju2MKg=="
    },
    "jquery-flexdatalist": {
      "version": "2.2.4",
      "resolved": "https://registry.npmjs.org/jquery-flexdatalist/-/jquery-flexdatalist-2.2.4.tgz",
      "integrity": "sha1-f3w6alIS9UvT6R7c58KeTqnaKYY=",
      "requires": {
        "jquery": ">=1.8"
      }
    }
  }
}
